{
  "name": "lua2yml",
  "version": "0.1.0",
  "lockfileVersion": 1,
  "requires": true,
  "dependencies": {
    "@types/ejs": {
      "version": "2.6.0",
      "resolved": "https://registry.npmjs.org/@types/ejs/-/ejs-2.6.0.tgz",
      "integrity": "sha512-1ISPltnwvcNU1VTxV0Zusv/nUViHO/S+TUIjiHlvXdmU6e9B/WpCWN6Ewz+fCB7sugdIe5lhsJbbZ6/6+dA1Gg==",
      "dev": true
    },
    "@types/jsonminify": {
      "version": "0.4.0",
      "resolved": "http://registry.npmjs.org/@types/jsonminify/-/jsonminify-0.4.0.tgz",
      "integrity": "sha1-HtKKNIsgu9PiA/nymp6WE+08MYg=",
      "dev": true
    },
    "@types/luaparse": {
      "version": "0.0.29",
      "resolved": "http://registry.npmjs.org/@types/luaparse/-/luaparse-0.0.29.tgz",
      "integrity": "sha1-pysesIynGT4XrKDHR01JhLjGKC4=",
      "dev": true
    },
    "@types/node": {
      "version": "10.12.10",
      "resolved": "https://registry.npmjs.org/@types/node/-/node-10.12.10.tgz",
      "integrity": "sha512-8xZEYckCbUVgK8Eg7lf5Iy4COKJ5uXlnIOnePN0WUwSQggy9tolM+tDJf7wMOnT/JT/W9xDYIaYggt3mRV2O5w=="
    },
    "ejs": {
      "version": "2.6.1",
      "resolved": "https://registry.npmjs.org/ejs/-/ejs-2.6.1.tgz",
      "integrity": "sha512-0xy4A/twfrRCnkhfk8ErDi5DqdAsAqeGxht4xkCUrsvhhbQNs7E+4jV0CN7+NKIY0aHE72+XvqtBIXzD31ZbXQ=="
    },
    "jsonminify": {
      "version": "0.4.1",
      "resolved": "https://registry.npmjs.org/jsonminify/-/jsonminify-0.4.1.tgz",
      "integrity": "sha1-gF2vuzk5UYjO6atYLIHvlZ1+cQw="
    },
    "luaparse": {
      "version": "0.2.1",
      "resolved": "https://registry.npmjs.org/luaparse/-/luaparse-0.2.1.tgz",
      "integrity": "sha1-qo9WEysN6X0388mRqd9C4OF/ZWw="
    },
    "rd": {
      "version": "2.0.1",
      "resolved": "https://registry.npmjs.org/rd/-/rd-2.0.1.tgz",
      "integrity": "sha512-/XdKU4UazUZTXFmI0dpABt8jSXPWcEyaGdk340KdHnsEOdkTctlX23aAK7ChQDn39YGNlAJr1M5uvaKt4QnpNw==",
      "requires": {
        "@types/node": "^10.3.6"
      }
    },
    "tslib": {
      "version": "1.9.3",
      "resolved": "https://registry.npmjs.org/tslib/-/tslib-1.9.3.tgz",
      "integrity": "sha512-4krF8scpejhaOgqzBEcGM7yDIEfi0/8+8zDRZhNZZ2kjmHJ4hv3zCbQWxoJGz1iw5U0Jl0nma13xzHXcncMavQ=="
    },
    "typescript": {
      "version": "3.1.6",
      "resolved": "https://registry.npmjs.org/typescript/-/typescript-3.1.6.tgz",
      "integrity": "sha512-tDMYfVtvpb96msS1lDX9MEdHrW4yOuZ4Kdc4Him9oU796XldPYF/t2+uKoX0BBa0hXXwDlqYQbXY5Rzjzc5hBA==",
      "dev": true
    }
  }
}
